
Microsoft Visual Studio Solution File, Format Version 12.00
# Visual Studio Version 16
VisualStudioVersion = 16.0.32407.337
MinimumVisualStudioVersion = 10.0.40219.1
Project("{8BC9CEB8-8B4A-11D0-8D11-00A0C91BC942}") = "DSproject", "DSproject\DSproject.vcxproj", "{BAE5EAA2-9034-45FC-BBED-CB02D1052AEC}"
EndProject
Global
	GlobalSection(SolutionConfigurationPlatforms) = preSolution
		Debug|x64 = Debug|x64
		Debug|x86 = Debug|x86
		Release|x64 = Release|x64
		Release|x86 = Release|x86
	EndGlobalSection
	GlobalSection(ProjectConfigurationPlatforms) = postSolution
		{BAE5EAA2-9034-45FC-BBED-CB02D1052AEC}.Debug|x64.ActiveCfg = Debug|x64
		{BAE5EAA2-9034-45FC-BBED-CB02D1052AEC}.Debug|x64.Build.0 = Debug|x64
		{BAE5EAA2-9034-45FC-BBED-CB02D1052AEC}.Debug|x86.ActiveCfg = Debug|Win32
		{BAE5EAA2-9034-45FC-BBED-CB02D1052AEC}.Debug|x86.Build.0 = Debug|Win32
		{BAE5EAA2-9034-45FC-BBED-CB02D1052AEC}.Release|x64.ActiveCfg = Release|x64
		{BAE5EAA2-9034-45FC-BBED-CB02D1052AEC}.Release|x64.Build.0 = Release|x64
		{BAE5EAA2-9034-45FC-BBED-CB02D1052AEC}.Release|x86.ActiveCfg = Release|Win32
		{BAE5EAA2-9034-45FC-BBED-CB02D1052AEC}.Release|x86.Build.0 = Release|Win32
	EndGlobalSection
	GlobalSection(SolutionProperties) = preSolution
		HideSolutionNode = FALSE
	EndGlobalSection
	GlobalSection(ExtensibilityGlobals) = postSolution
		SolutionGuid = {BD7A53C8-0939-4626-ABC4-56A66972230E}
	EndGlobalSection
EndGlobal
